// !$*UTF8*$!
{
	archiveVersion = 1;
	classes = {
	};
	objectVersion = 46;
	objects = {

/* Begin PBXBuildFile section */
		0C7D58707CA44F95931F7040 /* Pods_Rotator.framework in Frameworks */ = {isa = PBXBuildFile; fileRef = EAF0ECE922E4A0E0B4BD3AEA /* Pods_Rotator.framework */; };
		370BF6CF1CB09B2100192C34 /* Renderer.swift in Sources */ = {isa = PBXBuildFile; fileRef = 370BF6CE1CB09B2100192C34 /* Renderer.swift */; };
		370BF6D31CB09D0200192C34 /* OBJRenderer.mm in Sources */ = {isa = PBXBuildFile; fileRef = 370BF6D21CB09D0200192C34 /* OBJRenderer.mm */; };
		370BF6D51CB118EF00192C34 /* Rotateable.swift in Sources */ = {isa = PBXBuildFile; fileRef = 370BF6D41CB118EF00192C34 /* Rotateable.swift */; };
		370BF6D71CB1193100192C34 /* OBJLoadable.swift in Sources */ = {isa = PBXBuildFile; fileRef = 370BF6D61CB1193100192C34 /* OBJLoadable.swift */; };
		370BF6DC1CB1197A00192C34 /* Chair.swift in Sources */ = {isa = PBXBuildFile; fileRef = 370BF6D91CB1197A00192C34 /* Chair.swift */; };
		370BF6DD1CB1197A00192C34 /* Teapot.swift in Sources */ = {isa = PBXBuildFile; fileRef = 370BF6DA1CB1197A00192C34 /* Teapot.swift */; };
		370BF6DE1CB1197A00192C34 /* ThreeDModel.swift in Sources */ = {isa = PBXBuildFile; fileRef = 370BF6DB1CB1197A00192C34 /* ThreeDModel.swift */; };
		370BF6E01CB11A6F00192C34 /* ThreeDModelPickerController.swift in Sources */ = {isa = PBXBuildFile; fileRef = 370BF6DF1CB11A6F00192C34 /* ThreeDModelPickerController.swift */; };
		3721A8421CB058D3006FDD9A /* Metal.framework in Frameworks */ = {isa = PBXBuildFile; fileRef = 3721A8411CB058D3006FDD9A /* Metal.framework */; };
		3721A8441CB058D9006FDD9A /* QuartzCore.framework in Frameworks */ = {isa = PBXBuildFile; fileRef = 3721A8431CB058D9006FDD9A /* QuartzCore.framework */; };
		3721A8511CB06390006FDD9A /* ContainerFactory.swift in Sources */ = {isa = PBXBuildFile; fileRef = 3721A8501CB06390006FDD9A /* ContainerFactory.swift */; };
		3721A8541CB065CF006FDD9A /* URLNavigationMap.swift in Sources */ = {isa = PBXBuildFile; fileRef = 3721A8531CB065CF006FDD9A /* URLNavigationMap.swift */; };
		3721A8561CB06646006FDD9A /* RotatorViewController.swift in Sources */ = {isa = PBXBuildFile; fileRef = 3721A8551CB06646006FDD9A /* RotatorViewController.swift */; };
		3721A8691CB06C7F006FDD9A /* MetalView.m in Sources */ = {isa = PBXBuildFile; fileRef = 3721A85E1CB06C7F006FDD9A /* MetalView.m */; };
		3721A86A1CB06C7F006FDD9A /* OBJModel.mm in Sources */ = {isa = PBXBuildFile; fileRef = 3721A8601CB06C7F006FDD9A /* OBJModel.mm */; };
		3721A86B1CB06C7F006FDD9A /* Renderer.m in Sources */ = {isa = PBXBuildFile; fileRef = 3721A8621CB06C7F006FDD9A /* Renderer.m */; };
		3721A86C1CB06C7F006FDD9A /* Shaders.metal in Sources */ = {isa = PBXBuildFile; fileRef = 3721A8631CB06C7F006FDD9A /* Shaders.metal */; };
		3721A86D1CB06C7F006FDD9A /* Transforms.mm in Sources */ = {isa = PBXBuildFile; fileRef = 3721A8661CB06C7F006FDD9A /* Transforms.mm */; };
		3721A87C1CB06E1D006FDD9A /* chair.obj in Resources */ = {isa = PBXBuildFile; fileRef = 3721A8711CB06E1D006FDD9A /* chair.obj */; };
		3721A87D1CB06E1D006FDD9A /* cube.obj in Resources */ = {isa = PBXBuildFile; fileRef = 3721A8721CB06E1D006FDD9A /* cube.obj */; };
		3721A87E1CB06E1D006FDD9A /* large_teapot.obj in Resources */ = {isa = PBXBuildFile; fileRef = 3721A8731CB06E1D006FDD9A /* large_teapot.obj */; };
		3721A87F1CB06E1D006FDD9A /* new_chair.obj in Resources */ = {isa = PBXBuildFile; fileRef = 3721A8741CB06E1D006FDD9A /* new_chair.obj */; };
		3721A8801CB06E1D006FDD9A /* new_chair_90.obj in Resources */ = {isa = PBXBuildFile; fileRef = 3721A8751CB06E1D006FDD9A /* new_chair_90.obj */; };
		3721A8811CB06E1D006FDD9A /* plane.obj in Resources */ = {isa = PBXBuildFile; fileRef = 3721A8761CB06E1D006FDD9A /* plane.obj */; };
		3721A8821CB06E1D006FDD9A /* small_chair.obj in Resources */ = {isa = PBXBuildFile; fileRef = 3721A8771CB06E1D006FDD9A /* small_chair.obj */; };
		3721A8831CB06E1D006FDD9A /* small_chair_close.obj in Resources */ = {isa = PBXBuildFile; fileRef = 3721A8781CB06E1D006FDD9A /* small_chair_close.obj */; };
		3721A8841CB06E1D006FDD9A /* small_chair_close2.obj in Resources */ = {isa = PBXBuildFile; fileRef = 3721A8791CB06E1D006FDD9A /* small_chair_close2.obj */; };
		3721A8851CB06E1D006FDD9A /* smallest_chair.obj in Resources */ = {isa = PBXBuildFile; fileRef = 3721A87A1CB06E1D006FDD9A /* smallest_chair.obj */; };
		3721A8861CB06E1D006FDD9A /* teapot.obj in Resources */ = {isa = PBXBuildFile; fileRef = 3721A87B1CB06E1D006FDD9A /* teapot.obj */; };
		37C443341CB0535B005C4105 /* AppDelegate.swift in Sources */ = {isa = PBXBuildFile; fileRef = 37C443331CB0535B005C4105 /* AppDelegate.swift */; };
		37C4433B1CB0535B005C4105 /* Assets.xcassets in Resources */ = {isa = PBXBuildFile; fileRef = 37C4433A1CB0535B005C4105 /* Assets.xcassets */; };
		37C4433E1CB0535B005C4105 /* LaunchScreen.storyboard in Resources */ = {isa = PBXBuildFile; fileRef = 37C4433C1CB0535B005C4105 /* LaunchScreen.storyboard */; };
		37C443491CB0535C005C4105 /* RotatorTests.swift in Sources */ = {isa = PBXBuildFile; fileRef = 37C443481CB0535C005C4105 /* RotatorTests.swift */; };
		37C443541CB0535C005C4105 /* RotatorUITests.swift in Sources */ = {isa = PBXBuildFile; fileRef = 37C443531CB0535C005C4105 /* RotatorUITests.swift */; };
		37D5161F1CB08154005A9BC8 /* ViewSpace.swift in Sources */ = {isa = PBXBuildFile; fileRef = 37D5161E1CB08154005A9BC8 /* ViewSpace.swift */; };
/* End PBXBuildFile section */

/* Begin PBXContainerItemProxy section */
		37C443451CB0535C005C4105 /* PBXContainerItemProxy */ = {
			isa = PBXContainerItemProxy;
			containerPortal = 37C443281CB0535B005C4105 /* Project object */;
			proxyType = 1;
			remoteGlobalIDString = 37C4432F1CB0535B005C4105;
			remoteInfo = Rotator;
		};
		37C443501CB0535C005C4105 /* PBXContainerItemProxy */ = {
			isa = PBXContainerItemProxy;
			containerPortal = 37C443281CB0535B005C4105 /* Project object */;
			proxyType = 1;
			remoteGlobalIDString = 37C4432F1CB0535B005C4105;
			remoteInfo = Rotator;
		};
/* End PBXContainerItemProxy section */

/* Begin PBXFileReference section */
		297DFCE89369D999EE900284 /* Pods-Rotator.debug.xcconfig */ = {isa = PBXFileReference; includeInIndex = 1; lastKnownFileType = text.xcconfig; name = "Pods-Rotator.debug.xcconfig"; path = "Pods/Target Support Files/Pods-Rotator/Pods-Rotator.debug.xcconfig"; sourceTree = "<group>"; };
		370BF6CE1CB09B2100192C34 /* Renderer.swift */ = {isa = PBXFileReference; fileEncoding = 4; lastKnownFileType = sourcecode.swift; path = Renderer.swift; sourceTree = "<group>"; };
		370BF6D11CB09D0200192C34 /* OBJRenderer.h */ = {isa = PBXFileReference; fileEncoding = 4; lastKnownFileType = sourcecode.c.h; path = OBJRenderer.h; sourceTree = "<group>"; };
		370BF6D21CB09D0200192C34 /* OBJRenderer.mm */ = {isa = PBXFileReference; fileEncoding = 4; lastKnownFileType = sourcecode.cpp.objcpp; path = OBJRenderer.mm; sourceTree = "<group>"; };
		370BF6D41CB118EF00192C34 /* Rotateable.swift */ = {isa = PBXFileReference; fileEncoding = 4; lastKnownFileType = sourcecode.swift; path = Rotateable.swift; sourceTree = "<group>"; };
		370BF6D61CB1193100192C34 /* OBJLoadable.swift */ = {isa = PBXFileReference; fileEncoding = 4; lastKnownFileType = sourcecode.swift; path = OBJLoadable.swift; sourceTree = "<group>"; };
		370BF6D91CB1197A00192C34 /* Chair.swift */ = {isa = PBXFileReference; fileEncoding = 4; lastKnownFileType = sourcecode.swift; path = Chair.swift; sourceTree = "<group>"; };
		370BF6DA1CB1197A00192C34 /* Teapot.swift */ = {isa = PBXFileReference; fileEncoding = 4; lastKnownFileType = sourcecode.swift; path = Teapot.swift; sourceTree = "<group>"; };
		370BF6DB1CB1197A00192C34 /* ThreeDModel.swift */ = {isa = PBXFileReference; fileEncoding = 4; lastKnownFileType = sourcecode.swift; path = ThreeDModel.swift; sourceTree = "<group>"; };
		370BF6DF1CB11A6F00192C34 /* ThreeDModelPickerController.swift */ = {isa = PBXFileReference; fileEncoding = 4; lastKnownFileType = sourcecode.swift; path = ThreeDModelPickerController.swift; sourceTree = "<group>"; };
		3721A8411CB058D3006FDD9A /* Metal.framework */ = {isa = PBXFileReference; lastKnownFileType = wrapper.framework; name = Metal.framework; path = System/Library/Frameworks/Metal.framework; sourceTree = SDKROOT; };
		3721A8431CB058D9006FDD9A /* QuartzCore.framework */ = {isa = PBXFileReference; lastKnownFileType = wrapper.framework; name = QuartzCore.framework; path = System/Library/Frameworks/QuartzCore.framework; sourceTree = SDKROOT; };
		3721A8501CB06390006FDD9A /* ContainerFactory.swift */ = {isa = PBXFileReference; fileEncoding = 4; lastKnownFileType = sourcecode.swift; path = ContainerFactory.swift; sourceTree = "<group>"; };
		3721A8531CB065CF006FDD9A /* URLNavigationMap.swift */ = {isa = PBXFileReference; fileEncoding = 4; lastKnownFileType = sourcecode.swift; path = URLNavigationMap.swift; sourceTree = "<group>"; };
		3721A8551CB06646006FDD9A /* RotatorViewController.swift */ = {isa = PBXFileReference; fileEncoding = 4; lastKnownFileType = sourcecode.swift; path = RotatorViewController.swift; sourceTree = "<group>"; };
		3721A8571CB06A3D006FDD9A /* Rotator-Bridging-Header.h */ = {isa = PBXFileReference; lastKnownFileType = sourcecode.c.h; path = "Rotator-Bridging-Header.h"; sourceTree = "<group>"; };
		3721A85D1CB06C7F006FDD9A /* MetalView.h */ = {isa = PBXFileReference; fileEncoding = 4; lastKnownFileType = sourcecode.c.h; path = MetalView.h; sourceTree = "<group>"; };
		3721A85E1CB06C7F006FDD9A /* MetalView.m */ = {isa = PBXFileReference; fileEncoding = 4; lastKnownFileType = sourcecode.c.objc; path = MetalView.m; sourceTree = "<group>"; };
		3721A85F1CB06C7F006FDD9A /* OBJModel.h */ = {isa = PBXFileReference; fileEncoding = 4; lastKnownFileType = sourcecode.c.h; path = OBJModel.h; sourceTree = "<group>"; };
		3721A8601CB06C7F006FDD9A /* OBJModel.mm */ = {isa = PBXFileReference; fileEncoding = 4; lastKnownFileType = sourcecode.cpp.objcpp; path = OBJModel.mm; sourceTree = "<group>"; };
		3721A8611CB06C7F006FDD9A /* Renderer.h */ = {isa = PBXFileReference; fileEncoding = 4; lastKnownFileType = sourcecode.c.h; path = Renderer.h; sourceTree = "<group>"; };
		3721A8621CB06C7F006FDD9A /* Renderer.m */ = {isa = PBXFileReference; fileEncoding = 4; lastKnownFileType = sourcecode.c.objc; path = Renderer.m; sourceTree = "<group>"; };
		3721A8631CB06C7F006FDD9A /* Shaders.metal */ = {isa = PBXFileReference; fileEncoding = 4; lastKnownFileType = sourcecode.metal; path = Shaders.metal; sourceTree = "<group>"; };
		3721A8641CB06C7F006FDD9A /* Shared.h */ = {isa = PBXFileReference; fileEncoding = 4; lastKnownFileType = sourcecode.c.h; path = Shared.h; sourceTree = "<group>"; };
		3721A8651CB06C7F006FDD9A /* Transforms.h */ = {isa = PBXFileReference; fileEncoding = 4; lastKnownFileType = sourcecode.c.h; path = Transforms.h; sourceTree = "<group>"; };
		3721A8661CB06C7F006FDD9A /* Transforms.mm */ = {isa = PBXFileReference; fileEncoding = 4; lastKnownFileType = sourcecode.cpp.objcpp; path = Transforms.mm; sourceTree = "<group>"; };
		3721A8711CB06E1D006FDD9A /* chair.obj */ = {isa = PBXFileReference; fileEncoding = 4; lastKnownFileType = text; path = chair.obj; sourceTree = "<group>"; };
		3721A8721CB06E1D006FDD9A /* cube.obj */ = {isa = PBXFileReference; fileEncoding = 4; lastKnownFileType = text; path = cube.obj; sourceTree = "<group>"; };
		3721A8731CB06E1D006FDD9A /* large_teapot.obj */ = {isa = PBXFileReference; fileEncoding = 4; lastKnownFileType = text; path = large_teapot.obj; sourceTree = "<group>"; };
		3721A8741CB06E1D006FDD9A /* new_chair.obj */ = {isa = PBXFileReference; fileEncoding = 4; lastKnownFileType = text; path = new_chair.obj; sourceTree = "<group>"; };
		3721A8751CB06E1D006FDD9A /* new_chair_90.obj */ = {isa = PBXFileReference; fileEncoding = 4; lastKnownFileType = text; path = new_chair_90.obj; sourceTree = "<group>"; };
		3721A8761CB06E1D006FDD9A /* plane.obj */ = {isa = PBXFileReference; fileEncoding = 4; lastKnownFileType = text; path = plane.obj; sourceTree = "<group>"; };
		3721A8771CB06E1D006FDD9A /* small_chair.obj */ = {isa = PBXFileReference; fileEncoding = 4; lastKnownFileType = text; path = small_chair.obj; sourceTree = "<group>"; };
		3721A8781CB06E1D006FDD9A /* small_chair_close.obj */ = {isa = PBXFileReference; fileEncoding = 4; lastKnownFileType = text; path = small_chair_close.obj; sourceTree = "<group>"; };
		3721A8791CB06E1D006FDD9A /* small_chair_close2.obj */ = {isa = PBXFileReference; fileEncoding = 4; lastKnownFileType = text; path = small_chair_close2.obj; sourceTree = "<group>"; };
		3721A87A1CB06E1D006FDD9A /* smallest_chair.obj */ = {isa = PBXFileReference; fileEncoding = 4; lastKnownFileType = text; path = smallest_chair.obj; sourceTree = "<group>"; };
		3721A87B1CB06E1D006FDD9A /* teapot.obj */ = {isa = PBXFileReference; fileEncoding = 4; lastKnownFileType = text; path = teapot.obj; sourceTree = "<group>"; };
		37C443301CB0535B005C4105 /* Rotator.app */ = {isa = PBXFileReference; explicitFileType = wrapper.application; includeInIndex = 0; path = Rotator.app; sourceTree = BUILT_PRODUCTS_DIR; };
		37C443331CB0535B005C4105 /* AppDelegate.swift */ = {isa = PBXFileReference; lastKnownFileType = sourcecode.swift; path = AppDelegate.swift; sourceTree = "<group>"; };
		37C4433A1CB0535B005C4105 /* Assets.xcassets */ = {isa = PBXFileReference; lastKnownFileType = folder.assetcatalog; name = Assets.xcassets; path = ../Assets.xcassets; sourceTree = "<group>"; };
		37C4433D1CB0535B005C4105 /* Base */ = {isa = PBXFileReference; lastKnownFileType = file.storyboard; name = Base; path = Base.lproj/LaunchScreen.storyboard; sourceTree = "<group>"; };
		37C4433F1CB0535B005C4105 /* Info.plist */ = {isa = PBXFileReference; lastKnownFileType = text.plist.xml; path = Info.plist; sourceTree = "<group>"; };
		37C443441CB0535C005C4105 /* RotatorTests.xctest */ = {isa = PBXFileReference; explicitFileType = wrapper.cfbundle; includeInIndex = 0; path = RotatorTests.xctest; sourceTree = BUILT_PRODUCTS_DIR; };
		37C443481CB0535C005C4105 /* RotatorTests.swift */ = {isa = PBXFileReference; lastKnownFileType = sourcecode.swift; path = RotatorTests.swift; sourceTree = "<group>"; };
		37C4434A1CB0535C005C4105 /* Info.plist */ = {isa = PBXFileReference; lastKnownFileType = text.plist.xml; path = Info.plist; sourceTree = "<group>"; };
		37C4434F1CB0535C005C4105 /* RotatorUITests.xctest */ = {isa = PBXFileReference; explicitFileType = wrapper.cfbundle; includeInIndex = 0; path = RotatorUITests.xctest; sourceTree = BUILT_PRODUCTS_DIR; };
		37C443531CB0535C005C4105 /* RotatorUITests.swift */ = {isa = PBXFileReference; lastKnownFileType = sourcecode.swift; path = RotatorUITests.swift; sourceTree = "<group>"; };
		37C443551CB0535C005C4105 /* Info.plist */ = {isa = PBXFileReference; lastKnownFileType = text.plist.xml; path = Info.plist; sourceTree = "<group>"; };
		37D5161E1CB08154005A9BC8 /* ViewSpace.swift */ = {isa = PBXFileReference; fileEncoding = 4; lastKnownFileType = sourcecode.swift; path = ViewSpace.swift; sourceTree = "<group>"; };
		60EF8734CAA782DCA08D0778 /* Pods-Rotator.release.xcconfig */ = {isa = PBXFileReference; includeInIndex = 1; lastKnownFileType = text.xcconfig; name = "Pods-Rotator.release.xcconfig"; path = "Pods/Target Support Files/Pods-Rotator/Pods-Rotator.release.xcconfig"; sourceTree = "<group>"; };
		EAF0ECE922E4A0E0B4BD3AEA /* Pods_Rotator.framework */ = {isa = PBXFileReference; explicitFileType = wrapper.framework; includeInIndex = 0; path = Pods_Rotator.framework; sourceTree = BUILT_PRODUCTS_DIR; };
/* End PBXFileReference section */

/* Begin PBXFrameworksBuildPhase section */
		37C4432D1CB0535B005C4105 /* Frameworks */ = {
			isa = PBXFrameworksBuildPhase;
			buildActionMask = 2147483647;
			files = (
				3721A8441CB058D9006FDD9A /* QuartzCore.framework in Frameworks */,
				3721A8421CB058D3006FDD9A /* Metal.framework in Frameworks */,
				0C7D58707CA44F95931F7040 /* Pods_Rotator.framework in Frameworks */,
			);
			runOnlyForDeploymentPostprocessing = 0;
		};
		37C443411CB0535C005C4105 /* Frameworks */ = {
			isa = PBXFrameworksBuildPhase;
			buildActionMask = 2147483647;
			files = (
			);
			runOnlyForDeploymentPostprocessing = 0;
		};
		37C4434C1CB0535C005C4105 /* Frameworks */ = {
			isa = PBXFrameworksBuildPhase;
			buildActionMask = 2147483647;
			files = (
			);
			runOnlyForDeploymentPostprocessing = 0;
		};
/* End PBXFrameworksBuildPhase section */

/* Begin PBXGroup section */
		370BF6D01CB09D0200192C34 /* CPP renderer */ = {
			isa = PBXGroup;
			children = (
				370BF6D11CB09D0200192C34 /* OBJRenderer.h */,
				370BF6D21CB09D0200192C34 /* OBJRenderer.mm */,
			);
			path = "CPP renderer";
			sourceTree = "<group>";
		};
		370BF6D81CB1197A00192C34 /* 3D Models */ = {
			isa = PBXGroup;
			children = (
				370BF6DB1CB1197A00192C34 /* ThreeDModel.swift */,
				370BF6D91CB1197A00192C34 /* Chair.swift */,
				370BF6DA1CB1197A00192C34 /* Teapot.swift */,
			);
			path = "3D Models";
			sourceTree = "<group>";
		};
		3721A8451CB05CC7006FDD9A /* Frameworks */ = {
			isa = PBXGroup;
			children = (
				3721A8431CB058D9006FDD9A /* QuartzCore.framework */,
				3721A8411CB058D3006FDD9A /* Metal.framework */,
				EAF0ECE922E4A0E0B4BD3AEA /* Pods_Rotator.framework */,
			);
			name = Frameworks;
			sourceTree = "<group>";
		};
		3721A8461CB06310006FDD9A /* Application */ = {
			isa = PBXGroup;
			children = (
				3721A8471CB06310006FDD9A /* iPad */,
				3721A8481CB06310006FDD9A /* iPhone */,
				3721A8491CB06310006FDD9A /* Shared */,
			);
			path = Application;
			sourceTree = "<group>";
		};
		3721A8471CB06310006FDD9A /* iPad */ = {
			isa = PBXGroup;
			children = (
			);
			path = iPad;
			sourceTree = "<group>";
		};
		3721A8481CB06310006FDD9A /* iPhone */ = {
			isa = PBXGroup;
			children = (
			);
			path = iPhone;
			sourceTree = "<group>";
		};
		3721A8491CB06310006FDD9A /* Shared */ = {
			isa = PBXGroup;
			children = (
				3721A84A1CB06310006FDD9A /* Controller */,
				3721A84B1CB06310006FDD9A /* Model */,
				3721A84C1CB06310006FDD9A /* View */,
			);
			path = Shared;
			sourceTree = "<group>";
		};
		3721A84A1CB06310006FDD9A /* Controller */ = {
			isa = PBXGroup;
			children = (
				3721A8551CB06646006FDD9A /* RotatorViewController.swift */,
				370BF6DF1CB11A6F00192C34 /* ThreeDModelPickerController.swift */,
			);
			path = Controller;
			sourceTree = "<group>";
		};
		3721A84B1CB06310006FDD9A /* Model */ = {
			isa = PBXGroup;
			children = (
				370BF6D41CB118EF00192C34 /* Rotateable.swift */,
				370BF6D61CB1193100192C34 /* OBJLoadable.swift */,
				37D5161E1CB08154005A9BC8 /* ViewSpace.swift */,
				370BF6D81CB1197A00192C34 /* 3D Models */,
			);
			path = Model;
			sourceTree = "<group>";
		};
		3721A84C1CB06310006FDD9A /* View */ = {
			isa = PBXGroup;
			children = (
				370BF6CE1CB09B2100192C34 /* Renderer.swift */,
				370BF6D01CB09D0200192C34 /* CPP renderer */,
			);
			path = View;
			sourceTree = "<group>";
		};
		3721A84D1CB06310006FDD9A /* Resources */ = {
			isa = PBXGroup;
			children = (
				3721A8701CB06E1D006FDD9A /* Obj */,
				37C4433A1CB0535B005C4105 /* Assets.xcassets */,
				37C4433C1CB0535B005C4105 /* LaunchScreen.storyboard */,
			);
			path = Resources;
			sourceTree = "<group>";
		};
		3721A84E1CB06310006FDD9A /* Vendor */ = {
			isa = PBXGroup;
			children = (
				3721A85C1CB06C7F006FDD9A /* Obj Loader */,
			);
			path = Vendor;
			sourceTree = "<group>";
		};
		3721A84F1CB06379006FDD9A /* App Dependencies */ = {
			isa = PBXGroup;
			children = (
				3721A8501CB06390006FDD9A /* ContainerFactory.swift */,
			);
			path = "App Dependencies";
			sourceTree = "<group>";
		};
		3721A8521CB065C0006FDD9A /* Routing */ = {
			isa = PBXGroup;
			children = (
				3721A8531CB065CF006FDD9A /* URLNavigationMap.swift */,
			);
			path = Routing;
			sourceTree = "<group>";
		};
		3721A85C1CB06C7F006FDD9A /* Obj Loader */ = {
			isa = PBXGroup;
			children = (
				3721A85D1CB06C7F006FDD9A /* MetalView.h */,
				3721A85E1CB06C7F006FDD9A /* MetalView.m */,
				3721A85F1CB06C7F006FDD9A /* OBJModel.h */,
				3721A8601CB06C7F006FDD9A /* OBJModel.mm */,
				3721A8611CB06C7F006FDD9A /* Renderer.h */,
				3721A8621CB06C7F006FDD9A /* Renderer.m */,
				3721A8631CB06C7F006FDD9A /* Shaders.metal */,
				3721A8641CB06C7F006FDD9A /* Shared.h */,
				3721A8651CB06C7F006FDD9A /* Transforms.h */,
				3721A8661CB06C7F006FDD9A /* Transforms.mm */,
			);
			path = "Obj Loader";
			sourceTree = "<group>";
		};
		3721A8701CB06E1D006FDD9A /* Obj */ = {
			isa = PBXGroup;
			children = (
				3721A8711CB06E1D006FDD9A /* chair.obj */,
				3721A8721CB06E1D006FDD9A /* cube.obj */,
				3721A8731CB06E1D006FDD9A /* large_teapot.obj */,
				3721A8741CB06E1D006FDD9A /* new_chair.obj */,
				3721A8751CB06E1D006FDD9A /* new_chair_90.obj */,
				3721A8761CB06E1D006FDD9A /* plane.obj */,
				3721A8771CB06E1D006FDD9A /* small_chair.obj */,
				3721A8781CB06E1D006FDD9A /* small_chair_close.obj */,
				3721A8791CB06E1D006FDD9A /* small_chair_close2.obj */,
				3721A87A1CB06E1D006FDD9A /* smallest_chair.obj */,
				3721A87B1CB06E1D006FDD9A /* teapot.obj */,
			);
			path = Obj;
			sourceTree = "<group>";
		};
		37C443271CB0535B005C4105 = {
			isa = PBXGroup;
			children = (
				37C443321CB0535B005C4105 /* Rotator */,
				37C443471CB0535C005C4105 /* RotatorTests */,
				37C443521CB0535C005C4105 /* RotatorUITests */,
				37C443311CB0535B005C4105 /* Products */,
				3721A8451CB05CC7006FDD9A /* Frameworks */,
				A1992A1FF449F8372977C4B6 /* Pods */,
			);
			sourceTree = "<group>";
		};
		37C443311CB0535B005C4105 /* Products */ = {
			isa = PBXGroup;
			children = (
				37C443301CB0535B005C4105 /* Rotator.app */,
				37C443441CB0535C005C4105 /* RotatorTests.xctest */,
				37C4434F1CB0535C005C4105 /* RotatorUITests.xctest */,
			);
			name = Products;
			sourceTree = "<group>";
		};
		37C443321CB0535B005C4105 /* Rotator */ = {
			isa = PBXGroup;
			children = (
				3721A8461CB06310006FDD9A /* Application */,
				3721A84D1CB06310006FDD9A /* Resources */,
				3721A84E1CB06310006FDD9A /* Vendor */,
				3721A84F1CB06379006FDD9A /* App Dependencies */,
				3721A8521CB065C0006FDD9A /* Routing */,
				37C443331CB0535B005C4105 /* AppDelegate.swift */,
				37C4433F1CB0535B005C4105 /* Info.plist */,
				3721A8571CB06A3D006FDD9A /* Rotator-Bridging-Header.h */,
			);
			path = Rotator;
			sourceTree = "<group>";
		};
		37C443471CB0535C005C4105 /* RotatorTests */ = {
			isa = PBXGroup;
			children = (
				37C443481CB0535C005C4105 /* RotatorTests.swift */,
				37C4434A1CB0535C005C4105 /* Info.plist */,
			);
			path = RotatorTests;
			sourceTree = "<group>";
		};
		37C443521CB0535C005C4105 /* RotatorUITests */ = {
			isa = PBXGroup;
			children = (
				37C443531CB0535C005C4105 /* RotatorUITests.swift */,
				37C443551CB0535C005C4105 /* Info.plist */,
			);
			path = RotatorUITests;
			sourceTree = "<group>";
		};
		A1992A1FF449F8372977C4B6 /* Pods */ = {
			isa = PBXGroup;
			children = (
				297DFCE89369D999EE900284 /* Pods-Rotator.debug.xcconfig */,
				60EF8734CAA782DCA08D0778 /* Pods-Rotator.release.xcconfig */,
			);
			name = Pods;
			sourceTree = "<group>";
		};
/* End PBXGroup section */

/* Begin PBXNativeTarget section */
		37C4432F1CB0535B005C4105 /* Rotator */ = {
			isa = PBXNativeTarget;
			buildConfigurationList = 37C443581CB0535C005C4105 /* Build configuration list for PBXNativeTarget "Rotator" */;
			buildPhases = (
				DD0480863FB7A8751B093C85 /* Check Pods Manifest.lock */,
				37C4432C1CB0535B005C4105 /* Sources */,
				37C4432D1CB0535B005C4105 /* Frameworks */,
				37C4432E1CB0535B005C4105 /* Resources */,
				8A210C22B668860E7C01582C /* Embed Pods Frameworks */,
				84177A37223DE2A318DF90C1 /* Copy Pods Resources */,
			);
			buildRules = (
			);
			dependencies = (
			);
			name = Rotator;
			productName = Rotator;
			productReference = 37C443301CB0535B005C4105 /* Rotator.app */;
			productType = "com.apple.product-type.application";
		};
		37C443431CB0535C005C4105 /* RotatorTests */ = {
			isa = PBXNativeTarget;
			buildConfigurationList = 37C4435B1CB0535C005C4105 /* Build configuration list for PBXNativeTarget "RotatorTests" */;
			buildPhases = (
				37C443401CB0535C005C4105 /* Sources */,
				37C443411CB0535C005C4105 /* Frameworks */,
				37C443421CB0535C005C4105 /* Resources */,
			);
			buildRules = (
			);
			dependencies = (
				37C443461CB0535C005C4105 /* PBXTargetDependency */,
			);
			name = RotatorTests;
			productName = RotatorTests;
			productReference = 37C443441CB0535C005C4105 /* RotatorTests.xctest */;
			productType = "com.apple.product-type.bundle.unit-test";
		};
		37C4434E1CB0535C005C4105 /* RotatorUITests */ = {
			isa = PBXNativeTarget;
			buildConfigurationList = 37C4435E1CB0535C005C4105 /* Build configuration list for PBXNativeTarget "RotatorUITests" */;
			buildPhases = (
				37C4434B1CB0535C005C4105 /* Sources */,
				37C4434C1CB0535C005C4105 /* Frameworks */,
				37C4434D1CB0535C005C4105 /* Resources */,
			);
			buildRules = (
			);
			dependencies = (
				37C443511CB0535C005C4105 /* PBXTargetDependency */,
			);
			name = RotatorUITests;
			productName = RotatorUITests;
			productReference = 37C4434F1CB0535C005C4105 /* RotatorUITests.xctest */;
			productType = "com.apple.product-type.bundle.ui-testing";
		};
/* End PBXNativeTarget section */

/* Begin PBXProject section */
		37C443281CB0535B005C4105 /* Project object */ = {
			isa = PBXProject;
			attributes = {
				LastSwiftUpdateCheck = 0720;
				LastUpgradeCheck = 0720;
				ORGANIZATIONNAME = DanArielPoblete;
				TargetAttributes = {
					37C4432F1CB0535B005C4105 = {
						CreatedOnToolsVersion = 7.2;
					};
					37C443431CB0535C005C4105 = {
						CreatedOnToolsVersion = 7.2;
						TestTargetID = 37C4432F1CB0535B005C4105;
					};
					37C4434E1CB0535C005C4105 = {
						CreatedOnToolsVersion = 7.2;
						TestTargetID = 37C4432F1CB0535B005C4105;
					};
				};
			};
			buildConfigurationList = 37C4432B1CB0535B005C4105 /* Build configuration list for PBXProject "Rotator" */;
			compatibilityVersion = "Xcode 3.2";
			developmentRegion = English;
			hasScannedForEncodings = 0;
			knownRegions = (
				en,
				Base,
			);
			mainGroup = 37C443271CB0535B005C4105;
			productRefGroup = 37C443311CB0535B005C4105 /* Products */;
			projectDirPath = "";
			projectRoot = "";
			targets = (
				37C4432F1CB0535B005C4105 /* Rotator */,
				37C443431CB0535C005C4105 /* RotatorTests */,
				37C4434E1CB0535C005C4105 /* RotatorUITests */,
			);
		};
/* End PBXProject section */

/* Begin PBXResourcesBuildPhase section */
		37C4432E1CB0535B005C4105 /* Resources */ = {
			isa = PBXResourcesBuildPhase;
			buildActionMask = 2147483647;
			files = (
				3721A87D1CB06E1D006FDD9A /* cube.obj in Resources */,
				3721A8821CB06E1D006FDD9A /* small_chair.obj in Resources */,
				3721A87C1CB06E1D006FDD9A /* chair.obj in Resources */,
				3721A8811CB06E1D006FDD9A /* plane.obj in Resources */,
				3721A8801CB06E1D006FDD9A /* new_chair_90.obj in Resources */,
				3721A8841CB06E1D006FDD9A /* small_chair_close2.obj in Resources */,
				3721A87E1CB06E1D006FDD9A /* large_teapot.obj in Resources */,
				3721A8861CB06E1D006FDD9A /* teapot.obj in Resources */,
				3721A8831CB06E1D006FDD9A /* small_chair_close.obj in Resources */,
				37C4433E1CB0535B005C4105 /* LaunchScreen.storyboard in Resources */,
				3721A87F1CB06E1D006FDD9A /* new_chair.obj in Resources */,
				3721A8851CB06E1D006FDD9A /* smallest_chair.obj in Resources */,
				37C4433B1CB0535B005C4105 /* Assets.xcassets in Resources */,
			);
			runOnlyForDeploymentPostprocessing = 0;
		};
		37C443421CB0535C005C4105 /* Resources */ = {
			isa = PBXResourcesBuildPhase;
			buildActionMask = 2147483647;
			files = (
			);
			runOnlyForDeploymentPostprocessing = 0;
		};
		37C4434D1CB0535C005C4105 /* Resources */ = {
			isa = PBXResourcesBuildPhase;
			buildActionMask = 2147483647;
			files = (
			);
			runOnlyForDeploymentPostprocessing = 0;
		};
/* End PBXResourcesBuildPhase section */

/* Begin PBXShellScriptBuildPhase section */
		84177A37223DE2A318DF90C1 /* Copy Pods Resources */ = {
			isa = PBXShellScriptBuildPhase;
			buildActionMask = 2147483647;
			files = (
			);
			inputPaths = (
			);
			name = "Copy Pods Resources";
			outputPaths = (
			);
			runOnlyForDeploymentPostprocessing = 0;
			shellPath = /bin/sh;
			shellScript = "\"${SRCROOT}/Pods/Target Support Files/Pods-Rotator/Pods-Rotator-resources.sh\"\n";
			showEnvVarsInLog = 0;
		};
		8A210C22B668860E7C01582C /* Embed Pods Frameworks */ = {
			isa = PBXShellScriptBuildPhase;
			buildActionMask = 2147483647;
			files = (
			);
			inputPaths = (
			);
			name = "Embed Pods Frameworks";
			outputPaths = (
			);
			runOnlyForDeploymentPostprocessing = 0;
			shellPath = /bin/sh;
			shellScript = "\"${SRCROOT}/Pods/Target Support Files/Pods-Rotator/Pods-Rotator-frameworks.sh\"\n";
			showEnvVarsInLog = 0;
		};
		DD0480863FB7A8751B093C85 /* Check Pods Manifest.lock */ = {
			isa = PBXShellScriptBuildPhase;
			buildActionMask = 2147483647;
			files = (
			);
			inputPaths = (
			);
			name = "Check Pods Manifest.lock";
			outputPaths = (
			);
			runOnlyForDeploymentPostprocessing = 0;
			shellPath = /bin/sh;
			shellScript = "diff \"${PODS_ROOT}/../Podfile.lock\" \"${PODS_ROOT}/Manifest.lock\" > /dev/null\nif [[ $? != 0 ]] ; then\n    cat << EOM\nerror: The sandbox is not in sync with the Podfile.lock. Run 'pod install' or update your CocoaPods installation.\nEOM\n    exit 1\nfi\n";
			showEnvVarsInLog = 0;
		};
/* End PBXShellScriptBuildPhase section */

/* Begin PBXSourcesBuildPhase section */
		37C4432C1CB0535B005C4105 /* Sources */ = {
			isa = PBXSourcesBuildPhase;
			buildActionMask = 2147483647;
			files = (
				3721A86C1CB06C7F006FDD9A /* Shaders.metal in Sources */,
				3721A8561CB06646006FDD9A /* RotatorViewController.swift in Sources */,
				370BF6DD1CB1197A00192C34 /* Teapot.swift in Sources */,
				370BF6CF1CB09B2100192C34 /* Renderer.swift in Sources */,
				37D5161F1CB08154005A9BC8 /* ViewSpace.swift in Sources */,
				370BF6D31CB09D0200192C34 /* OBJRenderer.mm in Sources */,
				370BF6DC1CB1197A00192C34 /* Chair.swift in Sources */,
				370BF6D51CB118EF00192C34 /* Rotateable.swift in Sources */,
				3721A86A1CB06C7F006FDD9A /* OBJModel.mm in Sources */,
				3721A86D1CB06C7F006FDD9A /* Transforms.mm in Sources */,
				370BF6D71CB1193100192C34 /* OBJLoadable.swift in Sources */,
				370BF6DE1CB1197A00192C34 /* ThreeDModel.swift in Sources */,
				3721A86B1CB06C7F006FDD9A /* Renderer.m in Sources */,
				3721A8511CB06390006FDD9A /* ContainerFactory.swift in Sources */,
				37C443341CB0535B005C4105 /* AppDelegate.swift in Sources */,
				3721A8541CB065CF006FDD9A /* URLNavigationMap.swift in Sources */,
				3721A8691CB06C7F006FDD9A /* MetalView.m in Sources */,
				370BF6E01CB11A6F00192C34 /* ThreeDModelPickerController.swift in Sources */,
			);
			runOnlyForDeploymentPostprocessing = 0;
		};
		37C443401CB0535C005C4105 /* Sources */ = {
			isa = PBXSourcesBuildPhase;
			buildActionMask = 2147483647;
			files = (
				37C443491CB0535C005C4105 /* RotatorTests.swift in Sources */,
			);
			runOnlyForDeploymentPostprocessing = 0;
		};
		37C4434B1CB0535C005C4105 /* Sources */ = {
			isa = PBXSourcesBuildPhase;
			buildActionMask = 2147483647;
			files = (
				37C443541CB0535C005C4105 /* RotatorUITests.swift in Sources */,
			);
			runOnlyForDeploymentPostprocessing = 0;
		};
/* End PBXSourcesBuildPhase section */

/* Begin PBXTargetDependency section */
		37C443461CB0535C005C4105 /* PBXTargetDependency */ = {
			isa = PBXTargetDependency;
			target = 37C4432F1CB0535B005C4105 /* Rotator */;
			targetProxy = 37C443451CB0535C005C4105 /* PBXContainerItemProxy */;
		};
		37C443511CB0535C005C4105 /* PBXTargetDependency */ = {
			isa = PBXTargetDependency;
			target = 37C4432F1CB0535B005C4105 /* Rotator */;
			targetProxy = 37C443501CB0535C005C4105 /* PBXContainerItemProxy */;
		};
/* End PBXTargetDependency section */

/* Begin PBXVariantGroup section */
		37C4433C1CB0535B005C4105 /* LaunchScreen.storyboard */ = {
			isa = PBXVariantGroup;
			children = (
				37C4433D1CB0535B005C4105 /* Base */,
			);
			name = LaunchScreen.storyboard;
			path = ..;
			sourceTree = "<group>";
		};
/* End PBXVariantGroup section */

/* Begin XCBuildConfiguration section */
		37C443561CB0535C005C4105 /* Debug */ = {
			isa = XCBuildConfiguration;
			buildSettings = {
				ALWAYS_SEARCH_USER_PATHS = NO;
				CLANG_CXX_LANGUAGE_STANDARD = "gnu++0x";
				CLANG_CXX_LIBRARY = "libc++";
				CLANG_ENABLE_MODULES = YES;
				CLANG_ENABLE_OBJC_ARC = YES;
				CLANG_WARN_BOOL_CONVERSION = YES;
				CLANG_WARN_CONSTANT_CONVERSION = YES;
				CLANG_WARN_DIRECT_OBJC_ISA_USAGE = YES_ERROR;
				CLANG_WARN_EMPTY_BODY = YES;
				CLANG_WARN_ENUM_CONVERSION = YES;
				CLANG_WARN_INT_CONVERSION = YES;
				CLANG_WARN_OBJC_ROOT_CLASS = YES_ERROR;
				CLANG_WARN_UNREACHABLE_CODE = YES;
				CLANG_WARN__DUPLICATE_METHOD_MATCH = YES;
				"CODE_SIGN_IDENTITY[sdk=iphoneos*]" = "iPhone Developer";
				COPY_PHASE_STRIP = NO;
				DEBUG_INFORMATION_FORMAT = dwarf;
				ENABLE_STRICT_OBJC_MSGSEND = YES;
				ENABLE_TESTABILITY = YES;
				GCC_C_LANGUAGE_STANDARD = gnu99;
				GCC_DYNAMIC_NO_PIC = NO;
				GCC_NO_COMMON_BLOCKS = YES;
				GCC_OPTIMIZATION_LEVEL = 0;
				GCC_PREPROCESSOR_DEFINITIONS = (
					"DEBUG=1",
					"$(inherited)",
				);
				GCC_WARN_64_TO_32_BIT_CONVERSION = YES;
				GCC_WARN_ABOUT_RETURN_TYPE = YES_ERROR;
				GCC_WARN_UNDECLARED_SELECTOR = YES;
				GCC_WARN_UNINITIALIZED_AUTOS = YES_AGGRESSIVE;
				GCC_WARN_UNUSED_FUNCTION = YES;
				GCC_WARN_UNUSED_VARIABLE = YES;
				IPHONEOS_DEPLOYMENT_TARGET = 9.2;
				MTL_ENABLE_DEBUG_INFO = YES;
				ONLY_ACTIVE_ARCH = YES;
				SDKROOT = iphoneos;
				SWIFT_OPTIMIZATION_LEVEL = "-Onone";
				TARGETED_DEVICE_FAMILY = "1,2";
			};
			name = Debug;
		};
		37C443571CB0535C005C4105 /* Release */ = {
			isa = XCBuildConfiguration;
			buildSettings = {
				ALWAYS_SEARCH_USER_PATHS = NO;
				CLANG_CXX_LANGUAGE_STANDARD = "gnu++0x";
				CLANG_CXX_LIBRARY = "libc++";
				CLANG_ENABLE_MODULES = YES;
				CLANG_ENABLE_OBJC_ARC = YES;
				CLANG_WARN_BOOL_CONVERSION = YES;
				CLANG_WARN_CONSTANT_CONVERSION = YES;
				CLANG_WARN_DIRECT_OBJC_ISA_USAGE = YES_ERROR;
				CLANG_WARN_EMPTY_BODY = YES;
				CLANG_WARN_ENUM_CONVERSION = YES;
				CLANG_WARN_INT_CONVERSION = YES;
				CLANG_WARN_OBJC_ROOT_CLASS = YES_ERROR;
				CLANG_WARN_UNREACHABLE_CODE = YES;
				CLANG_WARN__DUPLICATE_METHOD_MATCH = YES;
				"CODE_SIGN_IDENTITY[sdk=iphoneos*]" = "iPhone Developer";
				COPY_PHASE_STRIP = NO;
				DEBUG_INFORMATION_FORMAT = "dwarf-with-dsym";
				ENABLE_NS_ASSERTIONS = NO;
				ENABLE_STRICT_OBJC_MSGSEND = YES;
				GCC_C_LANGUAGE_STANDARD = gnu99;
				GCC_NO_COMMON_BLOCKS = YES;
				GCC_WARN_64_TO_32_BIT_CONVERSION = YES;
				GCC_WARN_ABOUT_RETURN_TYPE = YES_ERROR;
				GCC_WARN_UNDECLARED_SELECTOR = YES;
				GCC_WARN_UNINITIALIZED_AUTOS = YES_AGGRESSIVE;
				GCC_WARN_UNUSED_FUNCTION = YES;
				GCC_WARN_UNUSED_VARIABLE = YES;
				IPHONEOS_DEPLOYMENT_TARGET = 9.2;
				MTL_ENABLE_DEBUG_INFO = NO;
				SDKROOT = iphoneos;
				TARGETED_DEVICE_FAMILY = "1,2";
				VALIDATE_PRODUCT = YES;
			};
			name = Release;
		};
		37C443591CB0535C005C4105 /* Debug */ = {
			isa = XCBuildConfiguration;
			baseConfigurationReference = 297DFCE89369D999EE900284 /* Pods-Rotator.debug.xcconfig */;
			buildSettings = {
				ASSETCATALOG_COMPILER_APPICON_NAME = AppIcon;
				CLANG_ENABLE_MODULES = YES;
				DEFINES_MODULE = YES;
				INFOPLIST_FILE = Rotator/Info.plist;
				IPHONEOS_DEPLOYMENT_TARGET = 9.0;
				LD_RUNPATH_SEARCH_PATHS = "$(inherited) @executable_path/Frameworks";
				PRODUCT_BUNDLE_IDENTIFIER = com.danarielpoblete.Rotator;
				PRODUCT_NAME = "$(TARGET_NAME)";
				SWIFT_OBJC_BRIDGING_HEADER = "Rotator/Rotator-Bridging-Header.h";
				SWIFT_OPTIMIZATION_LEVEL = "-Onone";
			};
			name = Debug;
		};
		37C4435A1CB0535C005C4105 /* Release */ = {
			isa = XCBuildConfiguration;
			baseConfigurationReference = 60EF8734CAA782DCA08D0778 /* Pods-Rotator.release.xcconfig */;
			buildSettings = {
				ASSETCATALOG_COMPILER_APPICON_NAME = AppIcon;
				CLANG_ENABLE_MODULES = YES;
				DEFINES_MODULE = YES;
				INFOPLIST_FILE = Rotator/Info.plist;
				IPHONEOS_DEPLOYMENT_TARGET = 9.0;
				LD_RUNPATH_SEARCH_PATHS = "$(inherited) @executable_path/Frameworks";
				PRODUCT_BUNDLE_IDENTIFIER = com.danarielpoblete.Rotator;
				PRODUCT_NAME = "$(TARGET_NAME)";
				SWIFT_OBJC_BRIDGING_HEADER = "Rotator/Rotator-Bridging-Header.h";
			};
			name = Release;
		};
		37C4435C1CB0535C005C4105 /* Debug */ = {
			isa = XCBuildConfiguration;
			buildSettings = {
				BUNDLE_LOADER = "$(TEST_HOST)";
				INFOPLIST_FILE = RotatorTests/Info.plist;
				LD_RUNPATH_SEARCH_PATHS = "$(inherited) @executable_path/Frameworks @loader_path/Frameworks";
				PRODUCT_BUNDLE_IDENTIFIER = com.danarielpoblete.RotatorTests;
				PRODUCT_NAME = "$(TARGET_NAME)";
				TEST_HOST = "$(BUILT_PRODUCTS_DIR)/Rotator.app/Rotator";
			};
			name = Debug;
		};
		37C4435D1CB0535C005C4105 /* Release */ = {
			isa = XCBuildConfiguration;
			buildSettings = {
				BUNDLE_LOADER = "$(TEST_HOST)";
				INFOPLIST_FILE = RotatorTests/Info.plist;
				LD_RUNPATH_SEARCH_PATHS = "$(inherited) @executable_path/Frameworks @loader_path/Frameworks";
				PRODUCT_BUNDLE_IDENTIFIER = com.danarielpoblete.RotatorTests;
				PRODUCT_NAME = "$(TARGET_NAME)";
				TEST_HOST = "$(BUILT_PRODUCTS_DIR)/Rotator.app/Rotator";
			};
			name = Release;
		};
		37C4435F1CB0535C005C4105 /* Debug */ = {
			isa = XCBuildConfiguration;
			buildSettings = {
				INFOPLIST_FILE = RotatorUITests/Info.plist;
				LD_RUNPATH_SEARCH_PATHS = "$(inherited) @executable_path/Frameworks @loader_path/Frameworks";
				PRODUCT_BUNDLE_IDENTIFIER = com.danarielpoblete.RotatorUITests;
				PRODUCT_NAME = "$(TARGET_NAME)";
				TEST_TARGET_NAME = Rotator;
				USES_XCTRUNNER = YES;
			};
			name = Debug;
		};
		37C443601CB0535C005C4105 /* Release */ = {
			isa = XCBuildConfiguration;
			buildSettings = {
				INFOPLIST_FILE = RotatorUITests/Info.plist;
				LD_RUNPATH_SEARCH_PATHS = "$(inherited) @executable_path/Frameworks @loader_path/Frameworks";
				PRODUCT_BUNDLE_IDENTIFIER = com.danarielpoblete.RotatorUITests;
				PRODUCT_NAME = "$(TARGET_NAME)";
				TEST_TARGET_NAME = Rotator;
				USES_XCTRUNNER = YES;
			};
			name = Release;
		};
/* End XCBuildConfiguration section */

/* Begin XCConfigurationList section */
		37C4432B1CB0535B005C4105 /* Build configuration list for PBXProject "Rotator" */ = {
			isa = XCConfigurationList;
			buildConfigurations = (
				37C443561CB0535C005C4105 /* Debug */,
				37C443571CB0535C005C4105 /* Release */,
			);
			defaultConfigurationIsVisible = 0;
			defaultConfigurationName = Release;
		};
		37C443581CB0535C005C4105 /* Build configuration list for PBXNativeTarget "Rotator" */ = {
			isa = XCConfigurationList;
			buildConfigurations = (
				37C443591CB0535C005C4105 /* Debug */,
				37C4435A1CB0535C005C4105 /* Release */,
			);
			defaultConfigurationIsVisible = 0;
			defaultConfigurationName = Release;
		};
		37C4435B1CB0535C005C4105 /* Build configuration list for PBXNativeTarget "RotatorTests" */ = {
			isa = XCConfigurationList;
			buildConfigurations = (
				37C4435C1CB0535C005C4105 /* Debug */,
				37C4435D1CB0535C005C4105 /* Release */,
			);
			defaultConfigurationIsVisible = 0;
			defaultConfigurationName = Release;
		};
		37C4435E1CB0535C005C4105 /* Build configuration list for PBXNativeTarget "RotatorUITests" */ = {
			isa = XCConfigurationList;
			buildConfigurations = (
				37C4435F1CB0535C005C4105 /* Debug */,
				37C443601CB0535C005C4105 /* Release */,
			);
			defaultConfigurationIsVisible = 0;
			defaultConfigurationName = Release;
		};
/* End XCConfigurationList section */
	};
	rootObject = 37C443281CB0535B005C4105 /* Project object */;
}
